// !$*UTF8*$!
{
	archiveVersion = 1;
	classes = {
	};
	objectVersion = 51;
	objects = {

/* Begin PBXBuildFile section */
		1B07632C269C1F5300595DFF /* DiceDetailTableViewCell.swift in Sources */ = {isa = PBXBuildFile; fileRef = 1B07632B269C1F5300595DFF /* DiceDetailTableViewCell.swift */; };
		1B07632E269C22FB00595DFF /* GameInfoTableViewCell.swift in Sources */ = {isa = PBXBuildFile; fileRef = 1B07632D269C22FB00595DFF /* GameInfoTableViewCell.swift */; };
		1B34C788269E7876006326C8 /* Dice.storyboard in Resources */ = {isa = PBXBuildFile; fileRef = 1B34C787269E7876006326C8 /* Dice.storyboard */; };
		1BBC23EE268F026E007E5082 /* AppDelegate.swift in Sources */ = {isa = PBXBuildFile; fileRef = 1BBC23ED268F026E007E5082 /* AppDelegate.swift */; };
		1BBC23F0268F026E007E5082 /* SceneDelegate.swift in Sources */ = {isa = PBXBuildFile; fileRef = 1BBC23EF268F026E007E5082 /* SceneDelegate.swift */; };
		1BBC23F2268F026E007E5082 /* DiceLogTableViewController.swift in Sources */ = {isa = PBXBuildFile; fileRef = 1BBC23F1268F026E007E5082 /* DiceLogTableViewController.swift */; };
		1BBC23F5268F026E007E5082 /* Main.storyboard in Resources */ = {isa = PBXBuildFile; fileRef = 1BBC23F3268F026E007E5082 /* Main.storyboard */; };
		1BBC23F7268F0270007E5082 /* Assets.xcassets in Resources */ = {isa = PBXBuildFile; fileRef = 1BBC23F6268F0270007E5082 /* Assets.xcassets */; };
		1BBC23FA268F0270007E5082 /* LaunchScreen.storyboard in Resources */ = {isa = PBXBuildFile; fileRef = 1BBC23F8268F0270007E5082 /* LaunchScreen.storyboard */; };
		1BBC2402268F0370007E5082 /* DiceModel.swift in Sources */ = {isa = PBXBuildFile; fileRef = 1BBC2401268F0370007E5082 /* DiceModel.swift */; };
		1BBC2404268F03B1007E5082 /* DiceViewModel.swift in Sources */ = {isa = PBXBuildFile; fileRef = 1BBC2403268F03B1007E5082 /* DiceViewModel.swift */; };
		1BC870B8269EC0B300EB4503 /* CardModel.swift in Sources */ = {isa = PBXBuildFile; fileRef = 1BC870B7269EC0B300EB4503 /* CardModel.swift */; };
		1BC870BA269EC76A00EB4503 /* Poker.storyboard in Resources */ = {isa = PBXBuildFile; fileRef = 1BC870B9269EC76A00EB4503 /* Poker.storyboard */; };
		1BC870BC269EC83000EB4503 /* PorkerCardCollectionViewController.swift in Sources */ = {isa = PBXBuildFile; fileRef = 1BC870BB269EC83000EB4503 /* PorkerCardCollectionViewController.swift */; };
		1BC870BE269ED33700EB4503 /* CardSetModel.swift in Sources */ = {isa = PBXBuildFile; fileRef = 1BC870BD269ED33700EB4503 /* CardSetModel.swift */; };
		1BC870C0269FC67F00EB4503 /* PokerMenuTableViewController.swift in Sources */ = {isa = PBXBuildFile; fileRef = 1BC870BF269FC67F00EB4503 /* PokerMenuTableViewController.swift */; };
		1BC870C2269FC8FD00EB4503 /* HoldemTableViewController.swift in Sources */ = {isa = PBXBuildFile; fileRef = 1BC870C1269FC8FD00EB4503 /* HoldemTableViewController.swift */; };
		1BC870C4269FC95300EB4503 /* HoldemGameModel.swift in Sources */ = {isa = PBXBuildFile; fileRef = 1BC870C3269FC95300EB4503 /* HoldemGameModel.swift */; };
		1BC870C6269FE66A00EB4503 /* CardTrashModel.swift in Sources */ = {isa = PBXBuildFile; fileRef = 1BC870C5269FE66A00EB4503 /* CardTrashModel.swift */; };
		1BC870C826A00EAA00EB4503 /* HoldemTableViewCell.swift in Sources */ = {isa = PBXBuildFile; fileRef = 1BC870C726A00EAA00EB4503 /* HoldemTableViewCell.swift */; };
		1BC870CB26A0133700EB4503 /* Date+Extensions.swift in Sources */ = {isa = PBXBuildFile; fileRef = 1BC870CA26A0133700EB4503 /* Date+Extensions.swift */; };
		1BC870CD26A0161B00EB4503 /* String+Extensions.swift in Sources */ = {isa = PBXBuildFile; fileRef = 1BC870CC26A0161B00EB4503 /* String+Extensions.swift */; };
		1BD0A1DC2697C57100118ECA /* GameModel.swift in Sources */ = {isa = PBXBuildFile; fileRef = 1BD0A1DB2697C57100118ECA /* GameModel.swift */; };
		1BD0A1DE2697C92400118ECA /* GameViewModel.swift in Sources */ = {isa = PBXBuildFile; fileRef = 1BD0A1DD2697C92400118ECA /* GameViewModel.swift */; };
		1BD0A1E02697CA6700118ECA /* GameTableViewController.swift in Sources */ = {isa = PBXBuildFile; fileRef = 1BD0A1DF2697CA6700118ECA /* GameTableViewController.swift */; };
		E856B01EBCD2F73DC8DC6BD7 /* Pods_RxTest.framework in Frameworks */ = {isa = PBXBuildFile; fileRef = 5CC40C344E2420757DD54A59 /* Pods_RxTest.framework */; };
/* End PBXBuildFile section */

/* Begin PBXFileReference section */
		1B07632B269C1F5300595DFF /* DiceDetailTableViewCell.swift */ = {isa = PBXFileReference; lastKnownFileType = sourcecode.swift; path = DiceDetailTableViewCell.swift; sourceTree = "<group>"; };
		1B07632D269C22FB00595DFF /* GameInfoTableViewCell.swift */ = {isa = PBXFileReference; lastKnownFileType = sourcecode.swift; path = GameInfoTableViewCell.swift; sourceTree = "<group>"; };
		1B34C787269E7876006326C8 /* Dice.storyboard */ = {isa = PBXFileReference; lastKnownFileType = file.storyboard; path = Dice.storyboard; sourceTree = "<group>"; };
		1BBC23EA268F026E007E5082 /* RxTest.app */ = {isa = PBXFileReference; explicitFileType = wrapper.application; includeInIndex = 0; path = RxTest.app; sourceTree = BUILT_PRODUCTS_DIR; };
		1BBC23ED268F026E007E5082 /* AppDelegate.swift */ = {isa = PBXFileReference; lastKnownFileType = sourcecode.swift; path = AppDelegate.swift; sourceTree = "<group>"; };
		1BBC23EF268F026E007E5082 /* SceneDelegate.swift */ = {isa = PBXFileReference; lastKnownFileType = sourcecode.swift; path = SceneDelegate.swift; sourceTree = "<group>"; };
		1BBC23F1268F026E007E5082 /* DiceLogTableViewController.swift */ = {isa = PBXFileReference; lastKnownFileType = sourcecode.swift; path = DiceLogTableViewController.swift; sourceTree = "<group>"; };
		1BBC23F4268F026E007E5082 /* Base */ = {isa = PBXFileReference; lastKnownFileType = file.storyboard; name = Base; path = Base.lproj/Main.storyboard; sourceTree = "<group>"; };
		1BBC23F6268F0270007E5082 /* Assets.xcassets */ = {isa = PBXFileReference; lastKnownFileType = folder.assetcatalog; path = Assets.xcassets; sourceTree = "<group>"; };
		1BBC23F9268F0270007E5082 /* Base */ = {isa = PBXFileReference; lastKnownFileType = file.storyboard; name = Base; path = Base.lproj/LaunchScreen.storyboard; sourceTree = "<group>"; };
		1BBC23FB268F0270007E5082 /* Info.plist */ = {isa = PBXFileReference; lastKnownFileType = text.plist.xml; path = Info.plist; sourceTree = "<group>"; };
		1BBC2401268F0370007E5082 /* DiceModel.swift */ = {isa = PBXFileReference; lastKnownFileType = sourcecode.swift; path = DiceModel.swift; sourceTree = "<group>"; };
		1BBC2403268F03B1007E5082 /* DiceViewModel.swift */ = {isa = PBXFileReference; lastKnownFileType = sourcecode.swift; path = DiceViewModel.swift; sourceTree = "<group>"; };
		1BC870B7269EC0B300EB4503 /* CardModel.swift */ = {isa = PBXFileReference; lastKnownFileType = sourcecode.swift; path = CardModel.swift; sourceTree = "<group>"; };
		1BC870B9269EC76A00EB4503 /* Poker.storyboard */ = {isa = PBXFileReference; lastKnownFileType = file.storyboard; path = Poker.storyboard; sourceTree = "<group>"; };
		1BC870BB269EC83000EB4503 /* PorkerCardCollectionViewController.swift */ = {isa = PBXFileReference; lastKnownFileType = sourcecode.swift; path = PorkerCardCollectionViewController.swift; sourceTree = "<group>"; };
		1BC870BD269ED33700EB4503 /* CardSetModel.swift */ = {isa = PBXFileReference; lastKnownFileType = sourcecode.swift; path = CardSetModel.swift; sourceTree = "<group>"; };
		1BC870BF269FC67F00EB4503 /* PokerMenuTableViewController.swift */ = {isa = PBXFileReference; lastKnownFileType = sourcecode.swift; path = PokerMenuTableViewController.swift; sourceTree = "<group>"; };
		1BC870C1269FC8FD00EB4503 /* HoldemTableViewController.swift */ = {isa = PBXFileReference; lastKnownFileType = sourcecode.swift; path = HoldemTableViewController.swift; sourceTree = "<group>"; };
		1BC870C3269FC95300EB4503 /* HoldemGameModel.swift */ = {isa = PBXFileReference; lastKnownFileType = sourcecode.swift; path = HoldemGameModel.swift; sourceTree = "<group>"; };
		1BC870C5269FE66A00EB4503 /* CardTrashModel.swift */ = {isa = PBXFileReference; lastKnownFileType = sourcecode.swift; path = CardTrashModel.swift; sourceTree = "<group>"; };
		1BC870C726A00EAA00EB4503 /* HoldemTableViewCell.swift */ = {isa = PBXFileReference; lastKnownFileType = sourcecode.swift; path = HoldemTableViewCell.swift; sourceTree = "<group>"; };
		1BC870CA26A0133700EB4503 /* Date+Extensions.swift */ = {isa = PBXFileReference; lastKnownFileType = sourcecode.swift; path = "Date+Extensions.swift"; sourceTree = "<group>"; };
		1BC870CC26A0161B00EB4503 /* String+Extensions.swift */ = {isa = PBXFileReference; lastKnownFileType = sourcecode.swift; path = "String+Extensions.swift"; sourceTree = "<group>"; };
		1BD0A1DA26958E2100118ECA /* RxTest.entitlements */ = {isa = PBXFileReference; lastKnownFileType = text.plist.entitlements; path = RxTest.entitlements; sourceTree = "<group>"; };
		1BD0A1DB2697C57100118ECA /* GameModel.swift */ = {isa = PBXFileReference; lastKnownFileType = sourcecode.swift; path = GameModel.swift; sourceTree = "<group>"; };
		1BD0A1DD2697C92400118ECA /* GameViewModel.swift */ = {isa = PBXFileReference; lastKnownFileType = sourcecode.swift; path = GameViewModel.swift; sourceTree = "<group>"; };
		1BD0A1DF2697CA6700118ECA /* GameTableViewController.swift */ = {isa = PBXFileReference; lastKnownFileType = sourcecode.swift; path = GameTableViewController.swift; sourceTree = "<group>"; };
		35A1A2A4D9733BDE94AA1D9F /* Pods-RxTest.release.xcconfig */ = {isa = PBXFileReference; includeInIndex = 1; lastKnownFileType = text.xcconfig; name = "Pods-RxTest.release.xcconfig"; path = "Target Support Files/Pods-RxTest/Pods-RxTest.release.xcconfig"; sourceTree = "<group>"; };
		5CC40C344E2420757DD54A59 /* Pods_RxTest.framework */ = {isa = PBXFileReference; explicitFileType = wrapper.framework; includeInIndex = 0; path = Pods_RxTest.framework; sourceTree = BUILT_PRODUCTS_DIR; };
		B204F4BD279104169856B334 /* Pods-RxTest.debug.xcconfig */ = {isa = PBXFileReference; includeInIndex = 1; lastKnownFileType = text.xcconfig; name = "Pods-RxTest.debug.xcconfig"; path = "Target Support Files/Pods-RxTest/Pods-RxTest.debug.xcconfig"; sourceTree = "<group>"; };
/* End PBXFileReference section */

/* Begin PBXFrameworksBuildPhase section */
		1BBC23E7268F026E007E5082 /* Frameworks */ = {
			isa = PBXFrameworksBuildPhase;
			buildActionMask = 2147483647;
			files = (
				E856B01EBCD2F73DC8DC6BD7 /* Pods_RxTest.framework in Frameworks */,
			);
			runOnlyForDeploymentPostprocessing = 0;
		};
/* End PBXFrameworksBuildPhase section */

/* Begin PBXGroup section */
		1B34C785269E76B5006326C8 /* Dice */ = {
			isa = PBXGroup;
			children = (
				1BBC23F1268F026E007E5082 /* DiceLogTableViewController.swift */,
				1BBC2403268F03B1007E5082 /* DiceViewModel.swift */,
				1BD0A1DB2697C57100118ECA /* GameModel.swift */,
				1BD0A1DD2697C92400118ECA /* GameViewModel.swift */,
				1B07632B269C1F5300595DFF /* DiceDetailTableViewCell.swift */,
				1B07632D269C22FB00595DFF /* GameInfoTableViewCell.swift */,
				1BBC2401268F0370007E5082 /* DiceModel.swift */,
				1B34C787269E7876006326C8 /* Dice.storyboard */,
			);
			path = Dice;
			sourceTree = "<group>";
		};
		1BBC23E1268F026E007E5082 = {
			isa = PBXGroup;
			children = (
				1BBC23EC268F026E007E5082 /* RxTest */,
				1BBC23EB268F026E007E5082 /* Products */,
				C63B5DC84AF626AB6CF8533F /* Pods */,
				6AA73D2521EAF53C1B28704D /* Frameworks */,
			);
			sourceTree = "<group>";
		};
		1BBC23EB268F026E007E5082 /* Products */ = {
			isa = PBXGroup;
			children = (
				1BBC23EA268F026E007E5082 /* RxTest.app */,
			);
			name = Products;
			sourceTree = "<group>";
		};
		1BBC23EC268F026E007E5082 /* RxTest */ = {
			isa = PBXGroup;
			children = (
				1BC870C926A0128200EB4503 /* extensions */,
				1BD0A1DA26958E2100118ECA /* RxTest.entitlements */,
				1BBC23ED268F026E007E5082 /* AppDelegate.swift */,
				1BBC23EF268F026E007E5082 /* SceneDelegate.swift */,
				1BBC23F3268F026E007E5082 /* Main.storyboard */,
				1BD0A1DF2697CA6700118ECA /* GameTableViewController.swift */,
				1BBC23F6268F0270007E5082 /* Assets.xcassets */,
				1BBC23F8268F0270007E5082 /* LaunchScreen.storyboard */,
				1BBC23FB268F0270007E5082 /* Info.plist */,
				1BC870B6269EC09500EB4503 /* Poker */,
				1B34C785269E76B5006326C8 /* Dice */,
			);
			path = RxTest;
			sourceTree = "<group>";
		};
		1BC870B6269EC09500EB4503 /* Poker */ = {
			isa = PBXGroup;
			children = (
				1BC870B7269EC0B300EB4503 /* CardModel.swift */,
				1BC870C5269FE66A00EB4503 /* CardTrashModel.swift */,
				1BC870BD269ED33700EB4503 /* CardSetModel.swift */,
				1BC870B9269EC76A00EB4503 /* Poker.storyboard */,
				1BC870BF269FC67F00EB4503 /* PokerMenuTableViewController.swift */,
				1BC870C1269FC8FD00EB4503 /* HoldemTableViewController.swift */,
				1BC870C726A00EAA00EB4503 /* HoldemTableViewCell.swift */,
				1BC870C3269FC95300EB4503 /* HoldemGameModel.swift */,
				1BC870BB269EC83000EB4503 /* PorkerCardCollectionViewController.swift */,
			);
			path = Poker;
			sourceTree = "<group>";
		};
		1BC870C926A0128200EB4503 /* extensions */ = {
			isa = PBXGroup;
			children = (
				1BC870CA26A0133700EB4503 /* Date+Extensions.swift */,
				1BC870CC26A0161B00EB4503 /* String+Extensions.swift */,
			);
			path = extensions;
			sourceTree = "<group>";
		};
		6AA73D2521EAF53C1B28704D /* Frameworks */ = {
			isa = PBXGroup;
			children = (
				5CC40C344E2420757DD54A59 /* Pods_RxTest.framework */,
			);
			name = Frameworks;
			sourceTree = "<group>";
		};
		C63B5DC84AF626AB6CF8533F /* Pods */ = {
			isa = PBXGroup;
			children = (
				B204F4BD279104169856B334 /* Pods-RxTest.debug.xcconfig */,
				35A1A2A4D9733BDE94AA1D9F /* Pods-RxTest.release.xcconfig */,
			);
			path = Pods;
			sourceTree = "<group>";
		};
/* End PBXGroup section */

/* Begin PBXNativeTarget section */
		1BBC23E9268F026E007E5082 /* RxTest */ = {
			isa = PBXNativeTarget;
			buildConfigurationList = 1BBC23FE268F0270007E5082 /* Build configuration list for PBXNativeTarget "RxTest" */;
			buildPhases = (
				A894E47C3A76E25525C67847 /* [CP] Check Pods Manifest.lock */,
				1BBC23E6268F026E007E5082 /* Sources */,
				1BBC23E7268F026E007E5082 /* Frameworks */,
				1BBC23E8268F026E007E5082 /* Resources */,
				5292727AA9BD5F787B21BBD7 /* [CP] Embed Pods Frameworks */,
			);
			buildRules = (
			);
			dependencies = (
			);
			name = RxTest;
			productName = RxTest;
			productReference = 1BBC23EA268F026E007E5082 /* RxTest.app */;
			productType = "com.apple.product-type.application";
		};
/* End PBXNativeTarget section */

/* Begin PBXProject section */
		1BBC23E2268F026E007E5082 /* Project object */ = {
			isa = PBXProject;
			attributes = {
				LastSwiftUpdateCheck = 1250;
				LastUpgradeCheck = 1250;
				TargetAttributes = {
					1BBC23E9268F026E007E5082 = {
						CreatedOnToolsVersion = 12.5.1;
					};
				};
			};
			buildConfigurationList = 1BBC23E5268F026E007E5082 /* Build configuration list for PBXProject "RxTest" */;
			compatibilityVersion = "Xcode 9.3";
			developmentRegion = en;
			hasScannedForEncodings = 0;
			knownRegions = (
				en,
				Base,
			);
			mainGroup = 1BBC23E1268F026E007E5082;
			productRefGroup = 1BBC23EB268F026E007E5082 /* Products */;
			projectDirPath = "";
			projectRoot = "";
			targets = (
				1BBC23E9268F026E007E5082 /* RxTest */,
			);
		};
/* End PBXProject section */

/* Begin PBXResourcesBuildPhase section */
		1BBC23E8268F026E007E5082 /* Resources */ = {
			isa = PBXResourcesBuildPhase;
			buildActionMask = 2147483647;
			files = (
				1BBC23FA268F0270007E5082 /* LaunchScreen.storyboard in Resources */,
				1BBC23F7268F0270007E5082 /* Assets.xcassets in Resources */,
				1BBC23F5268F026E007E5082 /* Main.storyboard in Resources */,
				1B34C788269E7876006326C8 /* Dice.storyboard in Resources */,
				1BC870BA269EC76A00EB4503 /* Poker.storyboard in Resources */,
			);
			runOnlyForDeploymentPostprocessing = 0;
		};
/* End PBXResourcesBuildPhase section */

/* Begin PBXShellScriptBuildPhase section */
		5292727AA9BD5F787B21BBD7 /* [CP] Embed Pods Frameworks */ = {
			isa = PBXShellScriptBuildPhase;
			buildActionMask = 2147483647;
			files = (
			);
			inputFileListPaths = (
				"${PODS_ROOT}/Target Support Files/Pods-RxTest/Pods-RxTest-frameworks-${CONFIGURATION}-input-files.xcfilelist",
			);
			name = "[CP] Embed Pods Frameworks";
			outputFileListPaths = (
				"${PODS_ROOT}/Target Support Files/Pods-RxTest/Pods-RxTest-frameworks-${CONFIGURATION}-output-files.xcfilelist",
			);
			runOnlyForDeploymentPostprocessing = 0;
			shellPath = /bin/sh;
			shellScript = "\"${PODS_ROOT}/Target Support Files/Pods-RxTest/Pods-RxTest-frameworks.sh\"\n";
			showEnvVarsInLog = 0;
		};
		A894E47C3A76E25525C67847 /* [CP] Check Pods Manifest.lock */ = {
			isa = PBXShellScriptBuildPhase;
			buildActionMask = 2147483647;
			files = (
			);
			inputFileListPaths = (
			);
			inputPaths = (
				"${PODS_PODFILE_DIR_PATH}/Podfile.lock",
				"${PODS_ROOT}/Manifest.lock",
			);
			name = "[CP] Check Pods Manifest.lock";
			outputFileListPaths = (
			);
			outputPaths = (
				"$(DERIVED_FILE_DIR)/Pods-RxTest-checkManifestLockResult.txt",
			);
			runOnlyForDeploymentPostprocessing = 0;
			shellPath = /bin/sh;
			shellScript = "diff \"${PODS_PODFILE_DIR_PATH}/Podfile.lock\" \"${PODS_ROOT}/Manifest.lock\" > /dev/null\nif [ $? != 0 ] ; then\n    # print error to STDERR\n    echo \"error: The sandbox is not in sync with the Podfile.lock. Run 'pod install' or update your CocoaPods installation.\" >&2\n    exit 1\nfi\n# This output is used by Xcode 'outputs' to avoid re-running this script phase.\necho \"SUCCESS\" > \"${SCRIPT_OUTPUT_FILE_0}\"\n";
			showEnvVarsInLog = 0;
		};
/* End PBXShellScriptBuildPhase section */

/* Begin PBXSourcesBuildPhase section */
		1BBC23E6268F026E007E5082 /* Sources */ = {
			isa = PBXSourcesBuildPhase;
			buildActionMask = 2147483647;
			files = (
				1BC870CD26A0161B00EB4503 /* String+Extensions.swift in Sources */,
				1BC870C826A00EAA00EB4503 /* HoldemTableViewCell.swift in Sources */,
				1BBC2402268F0370007E5082 /* DiceModel.swift in Sources */,
				1BC870BE269ED33700EB4503 /* CardSetModel.swift in Sources */,
				1BC870C6269FE66A00EB4503 /* CardTrashModel.swift in Sources */,
				1BC870B8269EC0B300EB4503 /* CardModel.swift in Sources */,
				1BD0A1E02697CA6700118ECA /* GameTableViewController.swift in Sources */,
				1BC870C4269FC95300EB4503 /* HoldemGameModel.swift in Sources */,
				1BBC2404268F03B1007E5082 /* DiceViewModel.swift in Sources */,
				1B07632C269C1F5300595DFF /* DiceDetailTableViewCell.swift in Sources */,
				1BC870BC269EC83000EB4503 /* PorkerCardCollectionViewController.swift in Sources */,
				1BBC23F2268F026E007E5082 /* DiceLogTableViewController.swift in Sources */,
				1BC870C0269FC67F00EB4503 /* PokerMenuTableViewController.swift in Sources */,
				1BC870C2269FC8FD00EB4503 /* HoldemTableViewController.swift in Sources */,
				1BC870CB26A0133700EB4503 /* Date+Extensions.swift in Sources */,
				1BBC23EE268F026E007E5082 /* AppDelegate.swift in Sources */,
				1BBC23F0268F026E007E5082 /* SceneDelegate.swift in Sources */,
				1B07632E269C22FB00595DFF /* GameInfoTableViewCell.swift in Sources */,
				1BD0A1DC2697C57100118ECA /* GameModel.swift in Sources */,
				1BD0A1DE2697C92400118ECA /* GameViewModel.swift in Sources */,
			);
			runOnlyForDeploymentPostprocessing = 0;
		};
/* End PBXSourcesBuildPhase section */

/* Begin PBXVariantGroup section */
		1BBC23F3268F026E007E5082 /* Main.storyboard */ = {
			isa = PBXVariantGroup;
			children = (
				1BBC23F4268F026E007E5082 /* Base */,
			);
			name = Main.storyboard;
			sourceTree = "<group>";
		};
		1BBC23F8268F0270007E5082 /* LaunchScreen.storyboard */ = {
			isa = PBXVariantGroup;
			children = (
				1BBC23F9268F0270007E5082 /* Base */,
			);
			name = LaunchScreen.storyboard;
			sourceTree = "<group>";
		};
/* End PBXVariantGroup section */

/* Begin XCBuildConfiguration section */
		1BBC23FC268F0270007E5082 /* Debug */ = {
			isa = XCBuildConfiguration;
			buildSettings = {
				ALWAYS_SEARCH_USER_PATHS = NO;
				CLANG_ANALYZER_NONNULL = YES;
				CLANG_ANALYZER_NUMBER_OBJECT_CONVERSION = YES_AGGRESSIVE;
				CLANG_CXX_LANGUAGE_STANDARD = "gnu++14";
				CLANG_CXX_LIBRARY = "libc++";
				CLANG_ENABLE_MODULES = YES;
				CLANG_ENABLE_OBJC_ARC = YES;
				CLANG_ENABLE_OBJC_WEAK = YES;
				CLANG_WARN_BLOCK_CAPTURE_AUTORELEASING = YES;
				CLANG_WARN_BOOL_CONVERSION = YES;
				CLANG_WARN_COMMA = YES;
				CLANG_WARN_CONSTANT_CONVERSION = YES;
				CLANG_WARN_DEPRECATED_OBJC_IMPLEMENTATIONS = YES;
				CLANG_WARN_DIRECT_OBJC_ISA_USAGE = YES_ERROR;
				CLANG_WARN_DOCUMENTATION_COMMENTS = YES;
				CLANG_WARN_EMPTY_BODY = YES;
				CLANG_WARN_ENUM_CONVERSION = YES;
				CLANG_WARN_INFINITE_RECURSION = YES;
				CLANG_WARN_INT_CONVERSION = YES;
				CLANG_WARN_NON_LITERAL_NULL_CONVERSION = YES;
				CLANG_WARN_OBJC_IMPLICIT_RETAIN_SELF = YES;
				CLANG_WARN_OBJC_LITERAL_CONVERSION = YES;
				CLANG_WARN_OBJC_ROOT_CLASS = YES_ERROR;
				CLANG_WARN_QUOTED_INCLUDE_IN_FRAMEWORK_HEADER = YES;
				CLANG_WARN_RANGE_LOOP_ANALYSIS = YES;
				CLANG_WARN_STRICT_PROTOTYPES = YES;
				CLANG_WARN_SUSPICIOUS_MOVE = YES;
				CLANG_WARN_UNGUARDED_AVAILABILITY = YES_AGGRESSIVE;
				CLANG_WARN_UNREACHABLE_CODE = YES;
				CLANG_WARN__DUPLICATE_METHOD_MATCH = YES;
				COPY_PHASE_STRIP = NO;
				DEBUG_INFORMATION_FORMAT = dwarf;
				ENABLE_STRICT_OBJC_MSGSEND = YES;
				ENABLE_TESTABILITY = YES;
				GCC_C_LANGUAGE_STANDARD = gnu11;
				GCC_DYNAMIC_NO_PIC = NO;
				GCC_NO_COMMON_BLOCKS = YES;
				GCC_OPTIMIZATION_LEVEL = 0;
				GCC_PREPROCESSOR_DEFINITIONS = (
					"DEBUG=1",
					"$(inherited)",
				);
				GCC_WARN_64_TO_32_BIT_CONVERSION = YES;
				GCC_WARN_ABOUT_RETURN_TYPE = YES_ERROR;
				GCC_WARN_UNDECLARED_SELECTOR = YES;
				GCC_WARN_UNINITIALIZED_AUTOS = YES_AGGRESSIVE;
				GCC_WARN_UNUSED_FUNCTION = YES;
				GCC_WARN_UNUSED_VARIABLE = YES;
				IPHONEOS_DEPLOYMENT_TARGET = 14.5;
				MTL_ENABLE_DEBUG_INFO = INCLUDE_SOURCE;
				MTL_FAST_MATH = YES;
				ONLY_ACTIVE_ARCH = YES;
				SDKROOT = iphoneos;
				SWIFT_ACTIVE_COMPILATION_CONDITIONS = DEBUG;
				SWIFT_OPTIMIZATION_LEVEL = "-Onone";
			};
			name = Debug;
		};
		1BBC23FD268F0270007E5082 /* Release */ = {
			isa = XCBuildConfiguration;
			buildSettings = {
				ALWAYS_SEARCH_USER_PATHS = NO;
				CLANG_ANALYZER_NONNULL = YES;
				CLANG_ANALYZER_NUMBER_OBJECT_CONVERSION = YES_AGGRESSIVE;
				CLANG_CXX_LANGUAGE_STANDARD = "gnu++14";
				CLANG_CXX_LIBRARY = "libc++";
				CLANG_ENABLE_MODULES = YES;
				CLANG_ENABLE_OBJC_ARC = YES;
				CLANG_ENABLE_OBJC_WEAK = YES;
				CLANG_WARN_BLOCK_CAPTURE_AUTORELEASING = YES;
				CLANG_WARN_BOOL_CONVERSION = YES;
				CLANG_WARN_COMMA = YES;
				CLANG_WARN_CONSTANT_CONVERSION = YES;
				CLANG_WARN_DEPRECATED_OBJC_IMPLEMENTATIONS = YES;
				CLANG_WARN_DIRECT_OBJC_ISA_USAGE = YES_ERROR;
				CLANG_WARN_DOCUMENTATION_COMMENTS = YES;
				CLANG_WARN_EMPTY_BODY = YES;
				CLANG_WARN_ENUM_CONVERSION = YES;
				CLANG_WARN_INFINITE_RECURSION = YES;
				CLANG_WARN_INT_CONVERSION = YES;
				CLANG_WARN_NON_LITERAL_NULL_CONVERSION = YES;
				CLANG_WARN_OBJC_IMPLICIT_RETAIN_SELF = YES;
				CLANG_WARN_OBJC_LITERAL_CONVERSION = YES;
				CLANG_WARN_OBJC_ROOT_CLASS = YES_ERROR;
				CLANG_WARN_QUOTED_INCLUDE_IN_FRAMEWORK_HEADER = YES;
				CLANG_WARN_RANGE_LOOP_ANALYSIS = YES;
				CLANG_WARN_STRICT_PROTOTYPES = YES;
				CLANG_WARN_SUSPICIOUS_MOVE = YES;
				CLANG_WARN_UNGUARDED_AVAILABILITY = YES_AGGRESSIVE;
				CLANG_WARN_UNREACHABLE_CODE = YES;
				CLANG_WARN__DUPLICATE_METHOD_MATCH = YES;
				COPY_PHASE_STRIP = NO;
				DEBUG_INFORMATION_FORMAT = "dwarf-with-dsym";
				ENABLE_NS_ASSERTIONS = NO;
				ENABLE_STRICT_OBJC_MSGSEND = YES;
				GCC_C_LANGUAGE_STANDARD = gnu11;
				GCC_NO_COMMON_BLOCKS = YES;
				GCC_WARN_64_TO_32_BIT_CONVERSION = YES;
				GCC_WARN_ABOUT_RETURN_TYPE = YES_ERROR;
				GCC_WARN_UNDECLARED_SELECTOR = YES;
				GCC_WARN_UNINITIALIZED_AUTOS = YES_AGGRESSIVE;
				GCC_WARN_UNUSED_FUNCTION = YES;
				GCC_WARN_UNUSED_VARIABLE = YES;
				IPHONEOS_DEPLOYMENT_TARGET = 14.5;
				MTL_ENABLE_DEBUG_INFO = NO;
				MTL_FAST_MATH = YES;
				SDKROOT = iphoneos;
				SWIFT_COMPILATION_MODE = wholemodule;
				SWIFT_OPTIMIZATION_LEVEL = "-O";
				VALIDATE_PRODUCT = YES;
			};
			name = Release;
		};
		1BBC23FF268F0270007E5082 /* Debug */ = {
			isa = XCBuildConfiguration;
			baseConfigurationReference = B204F4BD279104169856B334 /* Pods-RxTest.debug.xcconfig */;
			buildSettings = {
				ASSETCATALOG_COMPILER_APPICON_NAME = AppIcon;
				ASSETCATALOG_COMPILER_GLOBAL_ACCENT_COLOR_NAME = AccentColor;
				CODE_SIGN_ENTITLEMENTS = RxTest/RxTest.entitlements;
				CODE_SIGN_STYLE = Automatic;
				DEVELOPMENT_TEAM = 4T76MG2EEJ;
				INFOPLIST_FILE = RxTest/Info.plist;
				LD_RUNPATH_SEARCH_PATHS = (
					"$(inherited)",
					"@executable_path/Frameworks",
				);
				PRODUCT_BUNDLE_IDENTIFIER = com.kongbaguni.RxTest;
				PRODUCT_NAME = "$(TARGET_NAME)";
				SWIFT_VERSION = 5.0;
				TARGETED_DEVICE_FAMILY = "1,2";
			};
			name = Debug;
		};
		1BBC2400268F0270007E5082 /* Release */ = {
			isa = XCBuildConfiguration;
			baseConfigurationReference = 35A1A2A4D9733BDE94AA1D9F /* Pods-RxTest.release.xcconfig */;
			buildSettings = {
				ASSETCATALOG_COMPILER_APPICON_NAME = AppIcon;
				ASSETCATALOG_COMPILER_GLOBAL_ACCENT_COLOR_NAME = AccentColor;
				CODE_SIGN_ENTITLEMENTS = RxTest/RxTest.entitlements;
				CODE_SIGN_STYLE = Automatic;
				DEVELOPMENT_TEAM = 4T76MG2EEJ;
				INFOPLIST_FILE = RxTest/Info.plist;
				LD_RUNPATH_SEARCH_PATHS = (
					"$(inherited)",
					"@executable_path/Frameworks",
				);
				PRODUCT_BUNDLE_IDENTIFIER = com.kongbaguni.RxTest;
				PRODUCT_NAME = "$(TARGET_NAME)";
				SWIFT_VERSION = 5.0;
				TARGETED_DEVICE_FAMILY = "1,2";
			};
			name = Release;
		};
/* End XCBuildConfiguration section */

/* Begin XCConfigurationList section */
		1BBC23E5268F026E007E5082 /* Build configuration list for PBXProject "RxTest" */ = {
			isa = XCConfigurationList;
			buildConfigurations = (
				1BBC23FC268F0270007E5082 /* Debug */,
				1BBC23FD268F0270007E5082 /* Release */,
			);
			defaultConfigurationIsVisible = 0;
			defaultConfigurationName = Release;
		};
		1BBC23FE268F0270007E5082 /* Build configuration list for PBXNativeTarget "RxTest" */ = {
			isa = XCConfigurationList;
			buildConfigurations = (
				1BBC23FF268F0270007E5082 /* Debug */,
				1BBC2400268F0270007E5082 /* Release */,
			);
			defaultConfigurationIsVisible = 0;
			defaultConfigurationName = Release;
		};
/* End XCConfigurationList section */
	};
	rootObject = 1BBC23E2268F026E007E5082 /* Project object */;
}
